
Microsoft Visual Studio Solution File, Format Version 12.00
# Visual Studio Version 17
VisualStudioVersion = 17.9.34723.18
MinimumVisualStudioVersion = 10.0.40219.1
Project("{2150E333-8FDC-42A3-9474-1A3956D46DE8}") = "RC1", "RC1", "{CA6722C9-BF7B-4256-8693-51EE1268031C}"
EndProject
Project("{2150E333-8FDC-42A3-9474-1A3956D46DE8}") = "RC2", "RC2", "{3A6D4985-D9D5-4DA8-9759-496034CF44B1}"
EndProject
Project("{2150E333-8FDC-42A3-9474-1A3956D46DE8}") = "Chapter_02", "Chapter_02", "{3946A7CE-922C-4282-A8FD-D017FC751631}"
EndProject
Project("{2150E333-8FDC-42A3-9474-1A3956D46DE8}") = "SRP", "SRP", "{AF4F98E4-057C-4441-93C1-945D4268E9B1}"
EndProject
Project("{2150E333-8FDC-42A3-9474-1A3956D46DE8}") = "OCP", "OCP", "{C214C8D3-E769-4963-8728-A568AA73B021}"
EndProject
Project("{2150E333-8FDC-42A3-9474-1A3956D46DE8}") = "LSP", "LSP", "{C049A43D-A528-45B5-B6D6-7F1482B51BBB}"
EndProject
Project("{2150E333-8FDC-42A3-9474-1A3956D46DE8}") = "ISP", "ISP", "{C54868B5-DBD4-454E-8275-ADEFBDFA9442}"
EndProject
Project("{2150E333-8FDC-42A3-9474-1A3956D46DE8}") = "DIP", "DIP", "{CF3DFA69-6FC3-4A47-952A-F4F88B3473E0}"
EndProject
Project("{9A19103F-16F7-4668-BE54-9A1E7A4F7556}") = "SRP", "RC2 Code\Chapter_02\SRP\SRP.csproj", "{99E58764-39EA-4524-911A-E7FF989D3C95}"
EndProject
Project("{9A19103F-16F7-4668-BE54-9A1E7A4F7556}") = "OCP", "RC2 Code\Chapter_02\OCP\OCP.csproj", "{26CFFC9B-D8A4-4DC6-B76F-D1E6AD8A27E4}"
EndProject
Project("{9A19103F-16F7-4668-BE54-9A1E7A4F7556}") = "LSP", "RC2 Code\Chapter_02\LSP\LSP.csproj", "{6A567234-123F-4EE2-A29A-421DA65CFA34}"
EndProject
Project("{9A19103F-16F7-4668-BE54-9A1E7A4F7556}") = "ISP", "RC2 Code\Chapter_02\ISP\ISP.csproj", "{780FDE09-ADB8-490D-B381-1FB1A4FF518F}"
EndProject
Project("{9A19103F-16F7-4668-BE54-9A1E7A4F7556}") = "DIP", "RC2 Code\Chapter_02\DIP\DIP.csproj", "{A51F2EEC-D6C1-4B65-9A54-F6A6E4B0A017}"
EndProject
Global
	GlobalSection(SolutionConfigurationPlatforms) = preSolution
		Debug|Any CPU = Debug|Any CPU
		Release|Any CPU = Release|Any CPU
	EndGlobalSection
	GlobalSection(ProjectConfigurationPlatforms) = postSolution
		{99E58764-39EA-4524-911A-E7FF989D3C95}.Debug|Any CPU.ActiveCfg = Debug|Any CPU
		{99E58764-39EA-4524-911A-E7FF989D3C95}.Debug|Any CPU.Build.0 = Debug|Any CPU
		{99E58764-39EA-4524-911A-E7FF989D3C95}.Release|Any CPU.ActiveCfg = Release|Any CPU
		{99E58764-39EA-4524-911A-E7FF989D3C95}.Release|Any CPU.Build.0 = Release|Any CPU
		{26CFFC9B-D8A4-4DC6-B76F-D1E6AD8A27E4}.Debug|Any CPU.ActiveCfg = Debug|Any CPU
		{26CFFC9B-D8A4-4DC6-B76F-D1E6AD8A27E4}.Debug|Any CPU.Build.0 = Debug|Any CPU
		{26CFFC9B-D8A4-4DC6-B76F-D1E6AD8A27E4}.Release|Any CPU.ActiveCfg = Release|Any CPU
		{26CFFC9B-D8A4-4DC6-B76F-D1E6AD8A27E4}.Release|Any CPU.Build.0 = Release|Any CPU
		{6A567234-123F-4EE2-A29A-421DA65CFA34}.Debug|Any CPU.ActiveCfg = Debug|Any CPU
		{6A567234-123F-4EE2-A29A-421DA65CFA34}.Debug|Any CPU.Build.0 = Debug|Any CPU
		{6A567234-123F-4EE2-A29A-421DA65CFA34}.Release|Any CPU.ActiveCfg = Release|Any CPU
		{6A567234-123F-4EE2-A29A-421DA65CFA34}.Release|Any CPU.Build.0 = Release|Any CPU
		{780FDE09-ADB8-490D-B381-1FB1A4FF518F}.Debug|Any CPU.ActiveCfg = Debug|Any CPU
		{780FDE09-ADB8-490D-B381-1FB1A4FF518F}.Debug|Any CPU.Build.0 = Debug|Any CPU
		{780FDE09-ADB8-490D-B381-1FB1A4FF518F}.Release|Any CPU.ActiveCfg = Release|Any CPU
		{780FDE09-ADB8-490D-B381-1FB1A4FF518F}.Release|Any CPU.Build.0 = Release|Any CPU
		{A51F2EEC-D6C1-4B65-9A54-F6A6E4B0A017}.Debug|Any CPU.ActiveCfg = Debug|Any CPU
		{A51F2EEC-D6C1-4B65-9A54-F6A6E4B0A017}.Debug|Any CPU.Build.0 = Debug|Any CPU
		{A51F2EEC-D6C1-4B65-9A54-F6A6E4B0A017}.Release|Any CPU.ActiveCfg = Release|Any CPU
		{A51F2EEC-D6C1-4B65-9A54-F6A6E4B0A017}.Release|Any CPU.Build.0 = Release|Any CPU
	EndGlobalSection
	GlobalSection(SolutionProperties) = preSolution
		HideSolutionNode = FALSE
	EndGlobalSection
	GlobalSection(NestedProjects) = preSolution
		{3946A7CE-922C-4282-A8FD-D017FC751631} = {3A6D4985-D9D5-4DA8-9759-496034CF44B1}
		{AF4F98E4-057C-4441-93C1-945D4268E9B1} = {3946A7CE-922C-4282-A8FD-D017FC751631}
		{C214C8D3-E769-4963-8728-A568AA73B021} = {3946A7CE-922C-4282-A8FD-D017FC751631}
		{C049A43D-A528-45B5-B6D6-7F1482B51BBB} = {3946A7CE-922C-4282-A8FD-D017FC751631}
		{C54868B5-DBD4-454E-8275-ADEFBDFA9442} = {3946A7CE-922C-4282-A8FD-D017FC751631}
		{CF3DFA69-6FC3-4A47-952A-F4F88B3473E0} = {3946A7CE-922C-4282-A8FD-D017FC751631}
		{99E58764-39EA-4524-911A-E7FF989D3C95} = {AF4F98E4-057C-4441-93C1-945D4268E9B1}
		{26CFFC9B-D8A4-4DC6-B76F-D1E6AD8A27E4} = {C214C8D3-E769-4963-8728-A568AA73B021}
		{6A567234-123F-4EE2-A29A-421DA65CFA34} = {C049A43D-A528-45B5-B6D6-7F1482B51BBB}
		{780FDE09-ADB8-490D-B381-1FB1A4FF518F} = {C54868B5-DBD4-454E-8275-ADEFBDFA9442}
		{A51F2EEC-D6C1-4B65-9A54-F6A6E4B0A017} = {CF3DFA69-6FC3-4A47-952A-F4F88B3473E0}
	EndGlobalSection
	GlobalSection(ExtensibilityGlobals) = postSolution
		SolutionGuid = {71DEE8EE-FD76-49E0-9CF9-48E86DE63F10}
	EndGlobalSection
EndGlobal
